
Microsoft Visual Studio Solution File, Format Version 12.00
# Visual Studio Version 17
VisualStudioVersion = 17.11.35222.181
MinimumVisualStudioVersion = 10.0.40219.1
Project("{9A19103F-16F7-4668-BE54-9A1E7A4F7556}") = "VoltMartTestWork.Core", "VoltMartTestWork.Core\VoltMartTestWork.Core.csproj", "{1349CF2E-F153-4DA1-9B9F-40BFC31EA865}"
EndProject
Project("{9A19103F-16F7-4668-BE54-9A1E7A4F7556}") = "VoltMartTestWork.Data", "VoltMartTestWork.Data\VoltMartTestWork.Data.csproj", "{AA0DDCC0-0A8B-4F98-B57F-8B65D8C2C909}"
EndProject
Project("{9A19103F-16F7-4668-BE54-9A1E7A4F7556}") = "VoltMartTestWork.UI", "VoltMartTestWork.UI\VoltMartTestWork.UI.csproj", "{DF4E5E91-A8B7-42BA-9C4F-B138BB8B85ED}"
EndProject
Project("{2150E333-8FDC-42A3-9474-1A3956D46DE8}") = "Элементы решения", "Элементы решения", "{FDFCF31E-E9AF-4C60-92CD-EE6A78CBCA02}"
	ProjectSection(SolutionItems) = preProject
		SqlQueryTestTable.sql = SqlQueryTestTable.sql
	EndProjectSection
EndProject
Project("{FAE04EC0-301F-11D3-BF4B-00C04F79EFBC}") = "VoltMartTestWork.Tests", "VoltMartTestWork.Tests\VoltMartTestWork.Tests.csproj", "{59F18B65-0891-45EB-868D-024483203B29}"
EndProject
Global
	GlobalSection(SolutionConfigurationPlatforms) = preSolution
		Debug|Any CPU = Debug|Any CPU
		Release|Any CPU = Release|Any CPU
	EndGlobalSection
	GlobalSection(ProjectConfigurationPlatforms) = postSolution
		{1349CF2E-F153-4DA1-9B9F-40BFC31EA865}.Debug|Any CPU.ActiveCfg = Debug|Any CPU
		{1349CF2E-F153-4DA1-9B9F-40BFC31EA865}.Debug|Any CPU.Build.0 = Debug|Any CPU
		{1349CF2E-F153-4DA1-9B9F-40BFC31EA865}.Release|Any CPU.ActiveCfg = Release|Any CPU
		{1349CF2E-F153-4DA1-9B9F-40BFC31EA865}.Release|Any CPU.Build.0 = Release|Any CPU
		{AA0DDCC0-0A8B-4F98-B57F-8B65D8C2C909}.Debug|Any CPU.ActiveCfg = Debug|Any CPU
		{AA0DDCC0-0A8B-4F98-B57F-8B65D8C2C909}.Debug|Any CPU.Build.0 = Debug|Any CPU
		{AA0DDCC0-0A8B-4F98-B57F-8B65D8C2C909}.Release|Any CPU.ActiveCfg = Release|Any CPU
		{AA0DDCC0-0A8B-4F98-B57F-8B65D8C2C909}.Release|Any CPU.Build.0 = Release|Any CPU
		{DF4E5E91-A8B7-42BA-9C4F-B138BB8B85ED}.Debug|Any CPU.ActiveCfg = Debug|Any CPU
		{DF4E5E91-A8B7-42BA-9C4F-B138BB8B85ED}.Debug|Any CPU.Build.0 = Debug|Any CPU
		{DF4E5E91-A8B7-42BA-9C4F-B138BB8B85ED}.Release|Any CPU.ActiveCfg = Release|Any CPU
		{DF4E5E91-A8B7-42BA-9C4F-B138BB8B85ED}.Release|Any CPU.Build.0 = Release|Any CPU
		{59F18B65-0891-45EB-868D-024483203B29}.Debug|Any CPU.ActiveCfg = Debug|Any CPU
		{59F18B65-0891-45EB-868D-024483203B29}.Debug|Any CPU.Build.0 = Debug|Any CPU
		{59F18B65-0891-45EB-868D-024483203B29}.Release|Any CPU.ActiveCfg = Release|Any CPU
		{59F18B65-0891-45EB-868D-024483203B29}.Release|Any CPU.Build.0 = Release|Any CPU
	EndGlobalSection
	GlobalSection(SolutionProperties) = preSolution
		HideSolutionNode = FALSE
	EndGlobalSection
	GlobalSection(ExtensibilityGlobals) = postSolution
		SolutionGuid = {8ECAED2D-4836-4FC9-B22D-53F754B3ABAD}
	EndGlobalSection
EndGlobal
